PODS:
  - HMSegmentedControl (1.5.3)
  - Masonry (1.0.2)

DEPENDENCIES:
  - HMSegmentedControl
  - Masonry

SPEC CHECKSUMS:
  HMSegmentedControl: 7c6145afb50f26cec5f3243082f6f12b9f41318f
  Masonry: 7c429b56da9d4ee0bbb3ed77a5ea710d6a5df39e

PODFILE CHECKSUM: 71103ff6260d31dd99333cefd67a8b38c6668f03

COCOAPODS: 1.1.1
