// !$*UTF8*$!
{
	archiveVersion = 1;
	classes = {
	};
	objectVersion = 46;
	objects = {

/* Begin PBXBuildFile section */
		0522C358546E5371ECBF7AF4 /* libPods.a in Frameworks */ = {isa = PBXBuildFile; fileRef = 78575130414318445D0C71FD /* libPods.a */; };
		7D6A8A761D055C2F009D3614 /* demo.gif in Resources */ = {isa = PBXBuildFile; fileRef = 7D6A8A751D055C2F009D3614 /* demo.gif */; };
		7DEB7D9D1CFECDD80042DE69 /* main.m in Sources */ = {isa = PBXBuildFile; fileRef = 7DEB7D9C1CFECDD80042DE69 /* main.m */; };
		7DEB7DA01CFECDD80042DE69 /* AppDelegate.m in Sources */ = {isa = PBXBuildFile; fileRef = 7DEB7D9F1CFECDD80042DE69 /* AppDelegate.m */; };
		7DEB7DA21CFECDD80042DE69 /* Assets.xcassets in Resources */ = {isa = PBXBuildFile; fileRef = 7DEB7DA11CFECDD80042DE69 /* Assets.xcassets */; };
		7DEB7DA51CFECDD80042DE69 /* LaunchScreen.storyboard in Resources */ = {isa = PBXBuildFile; fileRef = 7DEB7DA31CFECDD80042DE69 /* LaunchScreen.storyboard */; };
		7DEB7DB01CFECDD80042DE69 /* XHMenuTableViewTests.m in Sources */ = {isa = PBXBuildFile; fileRef = 7DEB7DAF1CFECDD80042DE69 /* XHMenuTableViewTests.m */; };
		7DEB7DBB1CFECDD80042DE69 /* XHMenuTableViewUITests.m in Sources */ = {isa = PBXBuildFile; fileRef = 7DEB7DBA1CFECDD80042DE69 /* XHMenuTableViewUITests.m */; };
		7DEB7DCA1CFED4400042DE69 /* XHMainViewController.m in Sources */ = {isa = PBXBuildFile; fileRef = 7DEB7DC91CFED4400042DE69 /* XHMainViewController.m */; };
		7DEB7DCD1CFED49D0042DE69 /* MyStoryboard.storyboard in Resources */ = {isa = PBXBuildFile; fileRef = 7DEB7DCC1CFED49D0042DE69 /* MyStoryboard.storyboard */; };
		7DEB7DD01CFEE2D10042DE69 /* XHMenuTabView.m in Sources */ = {isa = PBXBuildFile; fileRef = 7DEB7DCF1CFEE2D10042DE69 /* XHMenuTabView.m */; };
		7DEB7DD41CFFD7240042DE69 /* ColorUtility.m in Sources */ = {isa = PBXBuildFile; fileRef = 7DEB7DD31CFFD7240042DE69 /* ColorUtility.m */; };
		7DEB7DD71D000CDA0042DE69 /* XHTableView.m in Sources */ = {isa = PBXBuildFile; fileRef = 7DEB7DD61D000CDA0042DE69 /* XHTableView.m */; };
		7DEB7DE61D015DF70042DE69 /* XHHeaderView.m in Sources */ = {isa = PBXBuildFile; fileRef = 7DEB7DE51D015DF70042DE69 /* XHHeaderView.m */; };
		7DEB7DE81D015E150042DE69 /* XHHeaderView.xib in Resources */ = {isa = PBXBuildFile; fileRef = 7DEB7DE71D015E150042DE69 /* XHHeaderView.xib */; };
/* End PBXBuildFile section */

/* Begin PBXContainerItemProxy section */
		7DEB7DAC1CFECDD80042DE69 /* PBXContainerItemProxy */ = {
			isa = PBXContainerItemProxy;
			containerPortal = 7DEB7D901CFECDD80042DE69 /* Project object */;
			proxyType = 1;
			remoteGlobalIDString = 7DEB7D971CFECDD80042DE69;
			remoteInfo = XHMenuTableView;
		};
		7DEB7DB71CFECDD80042DE69 /* PBXContainerItemProxy */ = {
			isa = PBXContainerItemProxy;
			containerPortal = 7DEB7D901CFECDD80042DE69 /* Project object */;
			proxyType = 1;
			remoteGlobalIDString = 7DEB7D971CFECDD80042DE69;
			remoteInfo = XHMenuTableView;
		};
/* End PBXContainerItemProxy section */

/* Begin PBXFileReference section */
		09EBC4DB73F3DF6DC2C91715 /* Pods.debug.xcconfig */ = {isa = PBXFileReference; includeInIndex = 1; lastKnownFileType = text.xcconfig; name = Pods.debug.xcconfig; path = "Pods/Target Support Files/Pods/Pods.debug.xcconfig"; sourceTree = "<group>"; };
		1AF3CF64F47E3FA9A217866B /* Pods.release.xcconfig */ = {isa = PBXFileReference; includeInIndex = 1; lastKnownFileType = text.xcconfig; name = Pods.release.xcconfig; path = "Pods/Target Support Files/Pods/Pods.release.xcconfig"; sourceTree = "<group>"; };
		78575130414318445D0C71FD /* libPods.a */ = {isa = PBXFileReference; explicitFileType = archive.ar; includeInIndex = 0; path = libPods.a; sourceTree = BUILT_PRODUCTS_DIR; };
		7D6A8A751D055C2F009D3614 /* demo.gif */ = {isa = PBXFileReference; lastKnownFileType = image.gif; path = demo.gif; sourceTree = "<group>"; };
		7DEB7D981CFECDD80042DE69 /* XHMenuTableView.app */ = {isa = PBXFileReference; explicitFileType = wrapper.application; includeInIndex = 0; path = XHMenuTableView.app; sourceTree = BUILT_PRODUCTS_DIR; };
		7DEB7D9C1CFECDD80042DE69 /* main.m */ = {isa = PBXFileReference; lastKnownFileType = sourcecode.c.objc; path = main.m; sourceTree = "<group>"; };
		7DEB7D9E1CFECDD80042DE69 /* AppDelegate.h */ = {isa = PBXFileReference; lastKnownFileType = sourcecode.c.h; path = AppDelegate.h; sourceTree = "<group>"; };
		7DEB7D9F1CFECDD80042DE69 /* AppDelegate.m */ = {isa = PBXFileReference; lastKnownFileType = sourcecode.c.objc; path = AppDelegate.m; sourceTree = "<group>"; };
		7DEB7DA11CFECDD80042DE69 /* Assets.xcassets */ = {isa = PBXFileReference; lastKnownFileType = folder.assetcatalog; path = Assets.xcassets; sourceTree = "<group>"; };
		7DEB7DA41CFECDD80042DE69 /* Base */ = {isa = PBXFileReference; lastKnownFileType = file.storyboard; name = Base; path = Base.lproj/LaunchScreen.storyboard; sourceTree = "<group>"; };
		7DEB7DA61CFECDD80042DE69 /* Info.plist */ = {isa = PBXFileReference; lastKnownFileType = text.plist.xml; path = Info.plist; sourceTree = "<group>"; };
		7DEB7DAB1CFECDD80042DE69 /* XHMenuTableViewTests.xctest */ = {isa = PBXFileReference; explicitFileType = wrapper.cfbundle; includeInIndex = 0; path = XHMenuTableViewTests.xctest; sourceTree = BUILT_PRODUCTS_DIR; };
		7DEB7DAF1CFECDD80042DE69 /* XHMenuTableViewTests.m */ = {isa = PBXFileReference; lastKnownFileType = sourcecode.c.objc; path = XHMenuTableViewTests.m; sourceTree = "<group>"; };
		7DEB7DB11CFECDD80042DE69 /* Info.plist */ = {isa = PBXFileReference; lastKnownFileType = text.plist.xml; path = Info.plist; sourceTree = "<group>"; };
		7DEB7DB61CFECDD80042DE69 /* XHMenuTableViewUITests.xctest */ = {isa = PBXFileReference; explicitFileType = wrapper.cfbundle; includeInIndex = 0; path = XHMenuTableViewUITests.xctest; sourceTree = BUILT_PRODUCTS_DIR; };
		7DEB7DBA1CFECDD80042DE69 /* XHMenuTableViewUITests.m */ = {isa = PBXFileReference; lastKnownFileType = sourcecode.c.objc; path = XHMenuTableViewUITests.m; sourceTree = "<group>"; };
		7DEB7DBC1CFECDD80042DE69 /* Info.plist */ = {isa = PBXFileReference; lastKnownFileType = text.plist.xml; path = Info.plist; sourceTree = "<group>"; };
		7DEB7DC81CFED4400042DE69 /* XHMainViewController.h */ = {isa = PBXFileReference; fileEncoding = 4; lastKnownFileType = sourcecode.c.h; path = XHMainViewController.h; sourceTree = "<group>"; };
		7DEB7DC91CFED4400042DE69 /* XHMainViewController.m */ = {isa = PBXFileReference; fileEncoding = 4; lastKnownFileType = sourcecode.c.objc; path = XHMainViewController.m; sourceTree = "<group>"; };
		7DEB7DCC1CFED49D0042DE69 /* MyStoryboard.storyboard */ = {isa = PBXFileReference; fileEncoding = 4; lastKnownFileType = file.storyboard; path = MyStoryboard.storyboard; sourceTree = "<group>"; };
		7DEB7DCE1CFEE2D10042DE69 /* XHMenuTabView.h */ = {isa = PBXFileReference; fileEncoding = 4; lastKnownFileType = sourcecode.c.h; path = XHMenuTabView.h; sourceTree = "<group>"; };
		7DEB7DCF1CFEE2D10042DE69 /* XHMenuTabView.m */ = {isa = PBXFileReference; fileEncoding = 4; lastKnownFileType = sourcecode.c.objc; path = XHMenuTabView.m; sourceTree = "<group>"; };
		7DEB7DD21CFFD7240042DE69 /* ColorUtility.h */ = {isa = PBXFileReference; fileEncoding = 4; lastKnownFileType = sourcecode.c.h; path = ColorUtility.h; sourceTree = "<group>"; };
		7DEB7DD31CFFD7240042DE69 /* ColorUtility.m */ = {isa = PBXFileReference; fileEncoding = 4; lastKnownFileType = sourcecode.c.objc; path = ColorUtility.m; sourceTree = "<group>"; };
		7DEB7DD51D000CDA0042DE69 /* XHTableView.h */ = {isa = PBXFileReference; fileEncoding = 4; lastKnownFileType = sourcecode.c.h; path = XHTableView.h; sourceTree = "<group>"; };
		7DEB7DD61D000CDA0042DE69 /* XHTableView.m */ = {isa = PBXFileReference; fileEncoding = 4; lastKnownFileType = sourcecode.c.objc; path = XHTableView.m; sourceTree = "<group>"; };
		7DEB7DE41D015DF70042DE69 /* XHHeaderView.h */ = {isa = PBXFileReference; fileEncoding = 4; lastKnownFileType = sourcecode.c.h; path = XHHeaderView.h; sourceTree = "<group>"; };
		7DEB7DE51D015DF70042DE69 /* XHHeaderView.m */ = {isa = PBXFileReference; fileEncoding = 4; lastKnownFileType = sourcecode.c.objc; path = XHHeaderView.m; sourceTree = "<group>"; };
		7DEB7DE71D015E150042DE69 /* XHHeaderView.xib */ = {isa = PBXFileReference; fileEncoding = 4; lastKnownFileType = file.xib; path = XHHeaderView.xib; sourceTree = "<group>"; };
/* End PBXFileReference section */

/* Begin PBXFrameworksBuildPhase section */
		7DEB7D951CFECDD80042DE69 /* Frameworks */ = {
			isa = PBXFrameworksBuildPhase;
			buildActionMask = 2147483647;
			files = (
				0522C358546E5371ECBF7AF4 /* libPods.a in Frameworks */,
			);
			runOnlyForDeploymentPostprocessing = 0;
		};
		7DEB7DA81CFECDD80042DE69 /* Frameworks */ = {
			isa = PBXFrameworksBuildPhase;
			buildActionMask = 2147483647;
			files = (
			);
			runOnlyForDeploymentPostprocessing = 0;
		};
		7DEB7DB31CFECDD80042DE69 /* Frameworks */ = {
			isa = PBXFrameworksBuildPhase;
			buildActionMask = 2147483647;
			files = (
			);
			runOnlyForDeploymentPostprocessing = 0;
		};
/* End PBXFrameworksBuildPhase section */

/* Begin PBXGroup section */
		5E762F0E1E5A0F8A82840163 /* Frameworks */ = {
			isa = PBXGroup;
			children = (
				78575130414318445D0C71FD /* libPods.a */,
			);
			name = Frameworks;
			sourceTree = "<group>";
		};
		725138F61080527E0CC75C08 /* Pods */ = {
			isa = PBXGroup;
			children = (
				09EBC4DB73F3DF6DC2C91715 /* Pods.debug.xcconfig */,
				1AF3CF64F47E3FA9A217866B /* Pods.release.xcconfig */,
			);
			name = Pods;
			sourceTree = "<group>";
		};
		7DEB7D8F1CFECDD80042DE69 = {
			isa = PBXGroup;
			children = (
				7D6A8A751D055C2F009D3614 /* demo.gif */,
				7DEB7DCB1CFED44B0042DE69 /* Code */,
				7DEB7D9A1CFECDD80042DE69 /* XHMenuTableView */,
				7DEB7DAE1CFECDD80042DE69 /* XHMenuTableViewTests */,
				7DEB7DB91CFECDD80042DE69 /* XHMenuTableViewUITests */,
				7DEB7D991CFECDD80042DE69 /* Products */,
				725138F61080527E0CC75C08 /* Pods */,
				5E762F0E1E5A0F8A82840163 /* Frameworks */,
			);
			sourceTree = "<group>";
		};
		7DEB7D991CFECDD80042DE69 /* Products */ = {
			isa = PBXGroup;
			children = (
				7DEB7D981CFECDD80042DE69 /* XHMenuTableView.app */,
				7DEB7DAB1CFECDD80042DE69 /* XHMenuTableViewTests.xctest */,
				7DEB7DB61CFECDD80042DE69 /* XHMenuTableViewUITests.xctest */,
			);
			name = Products;
			sourceTree = "<group>";
		};
		7DEB7D9A1CFECDD80042DE69 /* XHMenuTableView */ = {
			isa = PBXGroup;
			children = (
				7DEB7D9E1CFECDD80042DE69 /* AppDelegate.h */,
				7DEB7D9F1CFECDD80042DE69 /* AppDelegate.m */,
				7DEB7DA11CFECDD80042DE69 /* Assets.xcassets */,
				7DEB7DA31CFECDD80042DE69 /* LaunchScreen.storyboard */,
				7DEB7DA61CFECDD80042DE69 /* Info.plist */,
				7DEB7D9B1CFECDD80042DE69 /* Supporting Files */,
			);
			path = XHMenuTableView;
			sourceTree = "<group>";
		};
		7DEB7D9B1CFECDD80042DE69 /* Supporting Files */ = {
			isa = PBXGroup;
			children = (
				7DEB7D9C1CFECDD80042DE69 /* main.m */,
			);
			name = "Supporting Files";
			sourceTree = "<group>";
		};
		7DEB7DAE1CFECDD80042DE69 /* XHMenuTableViewTests */ = {
			isa = PBXGroup;
			children = (
				7DEB7DAF1CFECDD80042DE69 /* XHMenuTableViewTests.m */,
				7DEB7DB11CFECDD80042DE69 /* Info.plist */,
			);
			path = XHMenuTableViewTests;
			sourceTree = "<group>";
		};
		7DEB7DB91CFECDD80042DE69 /* XHMenuTableViewUITests */ = {
			isa = PBXGroup;
			children = (
				7DEB7DBA1CFECDD80042DE69 /* XHMenuTableViewUITests.m */,
				7DEB7DBC1CFECDD80042DE69 /* Info.plist */,
			);
			path = XHMenuTableViewUITests;
			sourceTree = "<group>";
		};
		7DEB7DCB1CFED44B0042DE69 /* Code */ = {
			isa = PBXGroup;
			children = (
				7DEB7DDA1D0149740042DE69 /* XHMenuTableView */,
				7DEB7DDB1D0149930042DE69 /* Example */,
			);
			name = Code;
			path = XHMenuTableView;
			sourceTree = "<group>";
		};
		7DEB7DD11CFFD7180042DE69 /* XHHelp */ = {
			isa = PBXGroup;
			children = (
				7DEB7DD21CFFD7240042DE69 /* ColorUtility.h */,
				7DEB7DD31CFFD7240042DE69 /* ColorUtility.m */,
			);
			name = XHHelp;
			sourceTree = "<group>";
		};
		7DEB7DDA1D0149740042DE69 /* XHMenuTableView */ = {
			isa = PBXGroup;
			children = (
				7DEB7DD11CFFD7180042DE69 /* XHHelp */,
				7DEB7DCE1CFEE2D10042DE69 /* XHMenuTabView.h */,
				7DEB7DCF1CFEE2D10042DE69 /* XHMenuTabView.m */,
			);
			name = XHMenuTableView;
			sourceTree = "<group>";
		};
		7DEB7DDB1D0149930042DE69 /* Example */ = {
			isa = PBXGroup;
			children = (
				7DEB7DCC1CFED49D0042DE69 /* MyStoryboard.storyboard */,
				7DEB7DE31D014B400042DE69 /* Controller */,
				7DEB7DE21D014B340042DE69 /* View */,
			);
			name = Example;
			sourceTree = "<group>";
		};
		7DEB7DE21D014B340042DE69 /* View */ = {
			isa = PBXGroup;
			children = (
				7DEB7DD51D000CDA0042DE69 /* XHTableView.h */,
				7DEB7DD61D000CDA0042DE69 /* XHTableView.m */,
				7DEB7DE41D015DF70042DE69 /* XHHeaderView.h */,
				7DEB7DE51D015DF70042DE69 /* XHHeaderView.m */,
				7DEB7DE71D015E150042DE69 /* XHHeaderView.xib */,
			);
			name = View;
			sourceTree = "<group>";
		};
		7DEB7DE31D014B400042DE69 /* Controller */ = {
			isa = PBXGroup;
			children = (
				7DEB7DC81CFED4400042DE69 /* XHMainViewController.h */,
				7DEB7DC91CFED4400042DE69 /* XHMainViewController.m */,
			);
			name = Controller;
			sourceTree = "<group>";
		};
/* End PBXGroup section */

/* Begin PBXNativeTarget section */
		7DEB7D971CFECDD80042DE69 /* XHMenuTableView */ = {
			isa = PBXNativeTarget;
			buildConfigurationList = 7DEB7DBF1CFECDD80042DE69 /* Build configuration list for PBXNativeTarget "XHMenuTableView" */;
			buildPhases = (
				BEF9E5422AF4EB2F97970256 /* Check Pods Manifest.lock */,
				7DEB7D941CFECDD80042DE69 /* Sources */,
				7DEB7D951CFECDD80042DE69 /* Frameworks */,
				7DEB7D961CFECDD80042DE69 /* Resources */,
				ABD1AF8FA35D5F2674C5FF08 /* Embed Pods Frameworks */,
				315C9A61EB2630D1F2AC0BFD /* Copy Pods Resources */,
			);
			buildRules = (
			);
			dependencies = (
			);
			name = XHMenuTableView;
			productName = XHMenuTableView;
			productReference = 7DEB7D981CFECDD80042DE69 /* XHMenuTableView.app */;
			productType = "com.apple.product-type.application";
		};
		7DEB7DAA1CFECDD80042DE69 /* XHMenuTableViewTests */ = {
			isa = PBXNativeTarget;
			buildConfigurationList = 7DEB7DC21CFECDD80042DE69 /* Build configuration list for PBXNativeTarget "XHMenuTableViewTests" */;
			buildPhases = (
				7DEB7DA71CFECDD80042DE69 /* Sources */,
				7DEB7DA81CFECDD80042DE69 /* Frameworks */,
				7DEB7DA91CFECDD80042DE69 /* Resources */,
			);
			buildRules = (
			);
			dependencies = (
				7DEB7DAD1CFECDD80042DE69 /* PBXTargetDependency */,
			);
			name = XHMenuTableViewTests;
			productName = XHMenuTableViewTests;
			productReference = 7DEB7DAB1CFECDD80042DE69 /* XHMenuTableViewTests.xctest */;
			productType = "com.apple.product-type.bundle.unit-test";
		};
		7DEB7DB51CFECDD80042DE69 /* XHMenuTableViewUITests */ = {
			isa = PBXNativeTarget;
			buildConfigurationList = 7DEB7DC51CFECDD80042DE69 /* Build configuration list for PBXNativeTarget "XHMenuTableViewUITests" */;
			buildPhases = (
				7DEB7DB21CFECDD80042DE69 /* Sources */,
				7DEB7DB31CFECDD80042DE69 /* Frameworks */,
				7DEB7DB41CFECDD80042DE69 /* Resources */,
			);
			buildRules = (
			);
			dependencies = (
				7DEB7DB81CFECDD80042DE69 /* PBXTargetDependency */,
			);
			name = XHMenuTableViewUITests;
			productName = XHMenuTableViewUITests;
			productReference = 7DEB7DB61CFECDD80042DE69 /* XHMenuTableViewUITests.xctest */;
			productType = "com.apple.product-type.bundle.ui-testing";
		};
/* End PBXNativeTarget section */

/* Begin PBXProject section */
		7DEB7D901CFECDD80042DE69 /* Project object */ = {
			isa = PBXProject;
			attributes = {
				CLASSPREFIX = XH;
				LastUpgradeCheck = 0730;
				ORGANIZATIONNAME = xhliang;
				TargetAttributes = {
					7DEB7D971CFECDD80042DE69 = {
						CreatedOnToolsVersion = 7.3.1;
						DevelopmentTeam = 9ZXJ5FY6Q8;
					};
					7DEB7DAA1CFECDD80042DE69 = {
						CreatedOnToolsVersion = 7.3.1;
						TestTargetID = 7DEB7D971CFECDD80042DE69;
					};
					7DEB7DB51CFECDD80042DE69 = {
						CreatedOnToolsVersion = 7.3.1;
						TestTargetID = 7DEB7D971CFECDD80042DE69;
					};
				};
			};
			buildConfigurationList = 7DEB7D931CFECDD80042DE69 /* Build configuration list for PBXProject "XHMenuTableView" */;
			compatibilityVersion = "Xcode 3.2";
			developmentRegion = English;
			hasScannedForEncodings = 0;
			knownRegions = (
				en,
				Base,
			);
			mainGroup = 7DEB7D8F1CFECDD80042DE69;
			productRefGroup = 7DEB7D991CFECDD80042DE69 /* Products */;
			projectDirPath = "";
			projectRoot = "";
			targets = (
				7DEB7D971CFECDD80042DE69 /* XHMenuTableView */,
				7DEB7DAA1CFECDD80042DE69 /* XHMenuTableViewTests */,
				7DEB7DB51CFECDD80042DE69 /* XHMenuTableViewUITests */,
			);
		};
/* End PBXProject section */

/* Begin PBXResourcesBuildPhase section */
		7DEB7D961CFECDD80042DE69 /* Resources */ = {
			isa = PBXResourcesBuildPhase;
			buildActionMask = 2147483647;
			files = (
				7DEB7DA21CFECDD80042DE69 /* Assets.xcassets in Resources */,
				7DEB7DE81D015E150042DE69 /* XHHeaderView.xib in Resources */,
				7D6A8A761D055C2F009D3614 /* demo.gif in Resources */,
				7DEB7DCD1CFED49D0042DE69 /* MyStoryboard.storyboard in Resources */,
				7DEB7DA51CFECDD80042DE69 /* LaunchScreen.storyboard in Resources */,
			);
			runOnlyForDeploymentPostprocessing = 0;
		};
		7DEB7DA91CFECDD80042DE69 /* Resources */ = {
			isa = PBXResourcesBuildPhase;
			buildActionMask = 2147483647;
			files = (
			);
			runOnlyForDeploymentPostprocessing = 0;
		};
		7DEB7DB41CFECDD80042DE69 /* Resources */ = {
			isa = PBXResourcesBuildPhase;
			buildActionMask = 2147483647;
			files = (
			);
			runOnlyForDeploymentPostprocessing = 0;
		};
/* End PBXResourcesBuildPhase section */

/* Begin PBXShellScriptBuildPhase section */
		315C9A61EB2630D1F2AC0BFD /* Copy Pods Resources */ = {
			isa = PBXShellScriptBuildPhase;
			buildActionMask = 2147483647;
			files = (
			);
			inputPaths = (
			);
			name = "Copy Pods Resources";
			outputPaths = (
			);
			runOnlyForDeploymentPostprocessing = 0;
			shellPath = /bin/sh;
			shellScript = "\"${SRCROOT}/Pods/Target Support Files/Pods/Pods-resources.sh\"\n";
			showEnvVarsInLog = 0;
		};
		ABD1AF8FA35D5F2674C5FF08 /* Embed Pods Frameworks */ = {
			isa = PBXShellScriptBuildPhase;
			buildActionMask = 2147483647;
			files = (
			);
			inputPaths = (
			);
			name = "Embed Pods Frameworks";
			outputPaths = (
			);
			runOnlyForDeploymentPostprocessing = 0;
			shellPath = /bin/sh;
			shellScript = "\"${SRCROOT}/Pods/Target Support Files/Pods/Pods-frameworks.sh\"\n";
			showEnvVarsInLog = 0;
		};
		BEF9E5422AF4EB2F97970256 /* Check Pods Manifest.lock */ = {
			isa = PBXShellScriptBuildPhase;
			buildActionMask = 2147483647;
			files = (
			);
			inputPaths = (
			);
			name = "Check Pods Manifest.lock";
			outputPaths = (
			);
			runOnlyForDeploymentPostprocessing = 0;
			shellPath = /bin/sh;
			shellScript = "diff \"${PODS_ROOT}/../Podfile.lock\" \"${PODS_ROOT}/Manifest.lock\" > /dev/null\nif [[ $? != 0 ]] ; then\n    cat << EOM\nerror: The sandbox is not in sync with the Podfile.lock. Run 'pod install' or update your CocoaPods installation.\nEOM\n    exit 1\nfi\n";
			showEnvVarsInLog = 0;
		};
/* End PBXShellScriptBuildPhase section */

/* Begin PBXSourcesBuildPhase section */
		7DEB7D941CFECDD80042DE69 /* Sources */ = {
			isa = PBXSourcesBuildPhase;
			buildActionMask = 2147483647;
			files = (
				7DEB7DD41CFFD7240042DE69 /* ColorUtility.m in Sources */,
				7DEB7DA01CFECDD80042DE69 /* AppDelegate.m in Sources */,
				7DEB7DD01CFEE2D10042DE69 /* XHMenuTabView.m in Sources */,
				7DEB7DD71D000CDA0042DE69 /* XHTableView.m in Sources */,
				7DEB7DE61D015DF70042DE69 /* XHHeaderView.m in Sources */,
				7DEB7D9D1CFECDD80042DE69 /* main.m in Sources */,
				7DEB7DCA1CFED4400042DE69 /* XHMainViewController.m in Sources */,
			);
			runOnlyForDeploymentPostprocessing = 0;
		};
		7DEB7DA71CFECDD80042DE69 /* Sources */ = {
			isa = PBXSourcesBuildPhase;
			buildActionMask = 2147483647;
			files = (
				7DEB7DB01CFECDD80042DE69 /* XHMenuTableViewTests.m in Sources */,
			);
			runOnlyForDeploymentPostprocessing = 0;
		};
		7DEB7DB21CFECDD80042DE69 /* Sources */ = {
			isa = PBXSourcesBuildPhase;
			buildActionMask = 2147483647;
			files = (
				7DEB7DBB1CFECDD80042DE69 /* XHMenuTableViewUITests.m in Sources */,
			);
			runOnlyForDeploymentPostprocessing = 0;
		};
/* End PBXSourcesBuildPhase section */

/* Begin PBXTargetDependency section */
		7DEB7DAD1CFECDD80042DE69 /* PBXTargetDependency */ = {
			isa = PBXTargetDependency;
			target = 7DEB7D971CFECDD80042DE69 /* XHMenuTableView */;
			targetProxy = 7DEB7DAC1CFECDD80042DE69 /* PBXContainerItemProxy */;
		};
		7DEB7DB81CFECDD80042DE69 /* PBXTargetDependency */ = {
			isa = PBXTargetDependency;
			target = 7DEB7D971CFECDD80042DE69 /* XHMenuTableView */;
			targetProxy = 7DEB7DB71CFECDD80042DE69 /* PBXContainerItemProxy */;
		};
/* End PBXTargetDependency section */

/* Begin PBXVariantGroup section */
		7DEB7DA31CFECDD80042DE69 /* LaunchScreen.storyboard */ = {
			isa = PBXVariantGroup;
			children = (
				7DEB7DA41CFECDD80042DE69 /* Base */,
			);
			name = LaunchScreen.storyboard;
			sourceTree = "<group>";
		};
/* End PBXVariantGroup section */

/* Begin XCBuildConfiguration section */
		7DEB7DBD1CFECDD80042DE69 /* Debug */ = {
			isa = XCBuildConfiguration;
			buildSettings = {
				ALWAYS_SEARCH_USER_PATHS = NO;
				CLANG_ANALYZER_NONNULL = YES;
				CLANG_CXX_LANGUAGE_STANDARD = "gnu++0x";
				CLANG_CXX_LIBRARY = "libc++";
				CLANG_ENABLE_MODULES = YES;
				CLANG_ENABLE_OBJC_ARC = YES;
				CLANG_WARN_BOOL_CONVERSION = YES;
				CLANG_WARN_CONSTANT_CONVERSION = YES;
				CLANG_WARN_DIRECT_OBJC_ISA_USAGE = YES_ERROR;
				CLANG_WARN_EMPTY_BODY = YES;
				CLANG_WARN_ENUM_CONVERSION = YES;
				CLANG_WARN_INT_CONVERSION = YES;
				CLANG_WARN_OBJC_ROOT_CLASS = YES_ERROR;
				CLANG_WARN_UNREACHABLE_CODE = YES;
				CLANG_WARN__DUPLICATE_METHOD_MATCH = YES;
				"CODE_SIGN_IDENTITY[sdk=iphoneos*]" = "iPhone Developer";
				COPY_PHASE_STRIP = NO;
				DEBUG_INFORMATION_FORMAT = dwarf;
				ENABLE_STRICT_OBJC_MSGSEND = YES;
				ENABLE_TESTABILITY = YES;
				GCC_C_LANGUAGE_STANDARD = gnu99;
				GCC_DYNAMIC_NO_PIC = NO;
				GCC_NO_COMMON_BLOCKS = YES;
				GCC_OPTIMIZATION_LEVEL = 0;
				GCC_PREPROCESSOR_DEFINITIONS = (
					"DEBUG=1",
					"$(inherited)",
				);
				GCC_WARN_64_TO_32_BIT_CONVERSION = YES;
				GCC_WARN_ABOUT_RETURN_TYPE = YES_ERROR;
				GCC_WARN_UNDECLARED_SELECTOR = YES;
				GCC_WARN_UNINITIALIZED_AUTOS = YES_AGGRESSIVE;
				GCC_WARN_UNUSED_FUNCTION = YES;
				GCC_WARN_UNUSED_VARIABLE = YES;
				IPHONEOS_DEPLOYMENT_TARGET = 9.3;
				MTL_ENABLE_DEBUG_INFO = YES;
				ONLY_ACTIVE_ARCH = YES;
				SDKROOT = iphoneos;
			};
			name = Debug;
		};
		7DEB7DBE1CFECDD80042DE69 /* Release */ = {
			isa = XCBuildConfiguration;
			buildSettings = {
				ALWAYS_SEARCH_USER_PATHS = NO;
				CLANG_ANALYZER_NONNULL = YES;
				CLANG_CXX_LANGUAGE_STANDARD = "gnu++0x";
				CLANG_CXX_LIBRARY = "libc++";
				CLANG_ENABLE_MODULES = YES;
				CLANG_ENABLE_OBJC_ARC = YES;
				CLANG_WARN_BOOL_CONVERSION = YES;
				CLANG_WARN_CONSTANT_CONVERSION = YES;
				CLANG_WARN_DIRECT_OBJC_ISA_USAGE = YES_ERROR;
				CLANG_WARN_EMPTY_BODY = YES;
				CLANG_WARN_ENUM_CONVERSION = YES;
				CLANG_WARN_INT_CONVERSION = YES;
				CLANG_WARN_OBJC_ROOT_CLASS = YES_ERROR;
				CLANG_WARN_UNREACHABLE_CODE = YES;
				CLANG_WARN__DUPLICATE_METHOD_MATCH = YES;
				"CODE_SIGN_IDENTITY[sdk=iphoneos*]" = "iPhone Developer";
				COPY_PHASE_STRIP = NO;
				DEBUG_INFORMATION_FORMAT = "dwarf-with-dsym";
				ENABLE_NS_ASSERTIONS = NO;
				ENABLE_STRICT_OBJC_MSGSEND = YES;
				GCC_C_LANGUAGE_STANDARD = gnu99;
				GCC_NO_COMMON_BLOCKS = YES;
				GCC_WARN_64_TO_32_BIT_CONVERSION = YES;
				GCC_WARN_ABOUT_RETURN_TYPE = YES_ERROR;
				GCC_WARN_UNDECLARED_SELECTOR = YES;
				GCC_WARN_UNINITIALIZED_AUTOS = YES_AGGRESSIVE;
				GCC_WARN_UNUSED_FUNCTION = YES;
				GCC_WARN_UNUSED_VARIABLE = YES;
				IPHONEOS_DEPLOYMENT_TARGET = 9.3;
				MTL_ENABLE_DEBUG_INFO = NO;
				SDKROOT = iphoneos;
				VALIDATE_PRODUCT = YES;
			};
			name = Release;
		};
		7DEB7DC01CFECDD80042DE69 /* Debug */ = {
			isa = XCBuildConfiguration;
			baseConfigurationReference = 09EBC4DB73F3DF6DC2C91715 /* Pods.debug.xcconfig */;
			buildSettings = {
				ASSETCATALOG_COMPILER_APPICON_NAME = AppIcon;
				DEVELOPMENT_TEAM = 9ZXJ5FY6Q8;
				INFOPLIST_FILE = XHMenuTableView/Info.plist;
				IPHONEOS_DEPLOYMENT_TARGET = 8.0;
				LD_RUNPATH_SEARCH_PATHS = "$(inherited) @executable_path/Frameworks";
				PRODUCT_BUNDLE_IDENTIFIER = xhliang.XHMenuTableView;
				PRODUCT_NAME = "$(TARGET_NAME)";
			};
			name = Debug;
		};
		7DEB7DC11CFECDD80042DE69 /* Release */ = {
			isa = XCBuildConfiguration;
			baseConfigurationReference = 1AF3CF64F47E3FA9A217866B /* Pods.release.xcconfig */;
			buildSettings = {
				ASSETCATALOG_COMPILER_APPICON_NAME = AppIcon;
				DEVELOPMENT_TEAM = 9ZXJ5FY6Q8;
				INFOPLIST_FILE = XHMenuTableView/Info.plist;
				IPHONEOS_DEPLOYMENT_TARGET = 8.0;
				LD_RUNPATH_SEARCH_PATHS = "$(inherited) @executable_path/Frameworks";
				PRODUCT_BUNDLE_IDENTIFIER = xhliang.XHMenuTableView;
				PRODUCT_NAME = "$(TARGET_NAME)";
			};
			name = Release;
		};
		7DEB7DC31CFECDD80042DE69 /* Debug */ = {
			isa = XCBuildConfiguration;
			buildSettings = {
				BUNDLE_LOADER = "$(TEST_HOST)";
				INFOPLIST_FILE = XHMenuTableViewTests/Info.plist;
				LD_RUNPATH_SEARCH_PATHS = "$(inherited) @executable_path/Frameworks @loader_path/Frameworks";
				PRODUCT_BUNDLE_IDENTIFIER = xhliang.XHMenuTableViewTests;
				PRODUCT_NAME = "$(TARGET_NAME)";
				TEST_HOST = "$(BUILT_PRODUCTS_DIR)/XHMenuTableView.app/XHMenuTableView";
			};
			name = Debug;
		};
		7DEB7DC41CFECDD80042DE69 /* Release */ = {
			isa = XCBuildConfiguration;
			buildSettings = {
				BUNDLE_LOADER = "$(TEST_HOST)";
				INFOPLIST_FILE = XHMenuTableViewTests/Info.plist;
				LD_RUNPATH_SEARCH_PATHS = "$(inherited) @executable_path/Frameworks @loader_path/Frameworks";
				PRODUCT_BUNDLE_IDENTIFIER = xhliang.XHMenuTableViewTests;
				PRODUCT_NAME = "$(TARGET_NAME)";
				TEST_HOST = "$(BUILT_PRODUCTS_DIR)/XHMenuTableView.app/XHMenuTableView";
			};
			name = Release;
		};
		7DEB7DC61CFECDD80042DE69 /* Debug */ = {
			isa = XCBuildConfiguration;
			buildSettings = {
				INFOPLIST_FILE = XHMenuTableViewUITests/Info.plist;
				LD_RUNPATH_SEARCH_PATHS = "$(inherited) @executable_path/Frameworks @loader_path/Frameworks";
				PRODUCT_BUNDLE_IDENTIFIER = xhliang.XHMenuTableViewUITests;
				PRODUCT_NAME = "$(TARGET_NAME)";
				TEST_TARGET_NAME = XHMenuTableView;
			};
			name = Debug;
		};
		7DEB7DC71CFECDD80042DE69 /* Release */ = {
			isa = XCBuildConfiguration;
			buildSettings = {
				INFOPLIST_FILE = XHMenuTableViewUITests/Info.plist;
				LD_RUNPATH_SEARCH_PATHS = "$(inherited) @executable_path/Frameworks @loader_path/Frameworks";
				PRODUCT_BUNDLE_IDENTIFIER = xhliang.XHMenuTableViewUITests;
				PRODUCT_NAME = "$(TARGET_NAME)";
				TEST_TARGET_NAME = XHMenuTableView;
			};
			name = Release;
		};
/* End XCBuildConfiguration section */

/* Begin XCConfigurationList section */
		7DEB7D931CFECDD80042DE69 /* Build configuration list for PBXProject "XHMenuTableView" */ = {
			isa = XCConfigurationList;
			buildConfigurations = (
				7DEB7DBD1CFECDD80042DE69 /* Debug */,
				7DEB7DBE1CFECDD80042DE69 /* Release */,
			);
			defaultConfigurationIsVisible = 0;
			defaultConfigurationName = Release;
		};
		7DEB7DBF1CFECDD80042DE69 /* Build configuration list for PBXNativeTarget "XHMenuTableView" */ = {
			isa = XCConfigurationList;
			buildConfigurations = (
				7DEB7DC01CFECDD80042DE69 /* Debug */,
				7DEB7DC11CFECDD80042DE69 /* Release */,
			);
			defaultConfigurationIsVisible = 0;
			defaultConfigurationName = Release;
		};
		7DEB7DC21CFECDD80042DE69 /* Build configuration list for PBXNativeTarget "XHMenuTableViewTests" */ = {
			isa = XCConfigurationList;
			buildConfigurations = (
				7DEB7DC31CFECDD80042DE69 /* Debug */,
				7DEB7DC41CFECDD80042DE69 /* Release */,
			);
			defaultConfigurationIsVisible = 0;
			defaultConfigurationName = Release;
		};
		7DEB7DC51CFECDD80042DE69 /* Build configuration list for PBXNativeTarget "XHMenuTableViewUITests" */ = {
			isa = XCConfigurationList;
			buildConfigurations = (
				7DEB7DC61CFECDD80042DE69 /* Debug */,
				7DEB7DC71CFECDD80042DE69 /* Release */,
			);
			defaultConfigurationIsVisible = 0;
			defaultConfigurationName = Release;
		};
/* End XCConfigurationList section */
	};
	rootObject = 7DEB7D901CFECDD80042DE69 /* Project object */;
}
